
Microsoft Visual Studio Solution File, Format Version 12.00
# Visual Studio 15
VisualStudioVersion = 15.0.28010.2019
MinimumVisualStudioVersion = 10.0.40219.1
Project("{888888A0-9F3D-457C-B088-3A5042F75D52}") = "Python_Study", "Python_Study\Python_Study.pyproj", "{30389C33-7207-4A48-A83A-3621E73E43CD}"
EndProject
Global
	GlobalSection(SolutionConfigurationPlatforms) = preSolution
		Debug|Any CPU = Debug|Any CPU
		Release|Any CPU = Release|Any CPU
	EndGlobalSection
	GlobalSection(ProjectConfigurationPlatforms) = postSolution
		{30389C33-7207-4A48-A83A-3621E73E43CD}.Debug|Any CPU.ActiveCfg = Debug|Any CPU
		{30389C33-7207-4A48-A83A-3621E73E43CD}.Release|Any CPU.ActiveCfg = Release|Any CPU
	EndGlobalSection
	GlobalSection(SolutionProperties) = preSolution
		HideSolutionNode = FALSE
	EndGlobalSection
	GlobalSection(ExtensibilityGlobals) = postSolution
		SolutionGuid = {76498DE8-BD10-424C-B206-4BDD26C49D66}
	EndGlobalSection
EndGlobal
